
Microsoft Visual Studio Solution File, Format Version 12.00
# Visual Studio 15
VisualStudioVersion = 15.0.27130.2003
MinimumVisualStudioVersion = 10.0.40219.1
Project("{FAE04EC0-301F-11D3-BF4B-00C04F79EFBC}") = "Shengtai", "Shengtai\Shengtai.csproj", "{E3795711-141F-4F05-8B52-80B36CE48EDD}"
EndProject
Project("{2150E333-8FDC-42A3-9474-1A3956D46DE8}") = "Solution Items", "Solution Items", "{5547B093-16FA-4E65-9ACC-72803A686602}"
	ProjectSection(SolutionItems) = preProject
		README.md = README.md
	EndProjectSection
EndProject
Project("{9A19103F-16F7-4668-BE54-9A1E7A4F7556}") = "ShengtaiCore", "ShengtaiCore\ShengtaiCore.csproj", "{B8A6772D-95D4-435D-9340-7F3FD368F86B}"
EndProject
Project("{FAE04EC0-301F-11D3-BF4B-00C04F79EFBC}") = "Shengtai.Blockchain.Tests", "Shengtai.Blockchain.Tests\Shengtai.Blockchain.Tests.csproj", "{CCAC39D2-2479-4645-91D2-2C5D967EB307}"
EndProject
Global
	GlobalSection(SolutionConfigurationPlatforms) = preSolution
		Debug|Any CPU = Debug|Any CPU
		Release|Any CPU = Release|Any CPU
	EndGlobalSection
	GlobalSection(ProjectConfigurationPlatforms) = postSolution
		{E3795711-141F-4F05-8B52-80B36CE48EDD}.Debug|Any CPU.ActiveCfg = Debug|Any CPU
		{E3795711-141F-4F05-8B52-80B36CE48EDD}.Debug|Any CPU.Build.0 = Debug|Any CPU
		{E3795711-141F-4F05-8B52-80B36CE48EDD}.Release|Any CPU.ActiveCfg = Release|Any CPU
		{E3795711-141F-4F05-8B52-80B36CE48EDD}.Release|Any CPU.Build.0 = Release|Any CPU
		{B8A6772D-95D4-435D-9340-7F3FD368F86B}.Debug|Any CPU.ActiveCfg = Debug|Any CPU
		{B8A6772D-95D4-435D-9340-7F3FD368F86B}.Debug|Any CPU.Build.0 = Debug|Any CPU
		{B8A6772D-95D4-435D-9340-7F3FD368F86B}.Release|Any CPU.ActiveCfg = Release|Any CPU
		{B8A6772D-95D4-435D-9340-7F3FD368F86B}.Release|Any CPU.Build.0 = Release|Any CPU
		{CCAC39D2-2479-4645-91D2-2C5D967EB307}.Debug|Any CPU.ActiveCfg = Debug|Any CPU
		{CCAC39D2-2479-4645-91D2-2C5D967EB307}.Debug|Any CPU.Build.0 = Debug|Any CPU
		{CCAC39D2-2479-4645-91D2-2C5D967EB307}.Release|Any CPU.ActiveCfg = Release|Any CPU
		{CCAC39D2-2479-4645-91D2-2C5D967EB307}.Release|Any CPU.Build.0 = Release|Any CPU
	EndGlobalSection
	GlobalSection(SolutionProperties) = preSolution
		HideSolutionNode = FALSE
	EndGlobalSection
	GlobalSection(ExtensibilityGlobals) = postSolution
		SolutionGuid = {429DE83E-2E9B-44D8-BE81-0C10E2FC8599}
	EndGlobalSection
EndGlobal
